{
  "name": "16-bootstrap",
  "lockfileVersion": 3,
  "requires": true,
  "packages": {
    "": {
      "devDependencies": {
        "jquery": "3.3.1",
        "popper.js": "1.14.3"
      }
    },
    "node_modules/jquery": {
      "version": "3.3.1",
      "resolved": "https://registry.npmjs.org/jquery/-/jquery-3.3.1.tgz",
      "integrity": "sha512-Ubldcmxp5np52/ENotGxlLe6aGMvmF4R8S6tZjsP6Knsaxd/xp3Zrh50cG93lR6nPXyUFwzN3ZSOQI0wRJNdGg==",
      "deprecated": "This version is deprecated. Please upgrade to the latest version or find support at https://www.herodevs.com/support/jquery-nes.",
      "dev": true
    },
    "node_modules/popper.js": {
      "version": "1.14.3",
      "resolved": "https://registry.npmjs.org/popper.js/-/popper.js-1.14.3.tgz",
      "integrity": "sha512-3lmujhsHXzb83+sI0PzfrE3O1XHZG8m8MXNMTupvA6LrM1/nnsiqYaacYc/RIente9VqnTDPztGEM8uvPAMGyg==",
      "deprecated": "You can find the new Popper v2 at @popperjs/core, this package is dedicated to the legacy v1",
      "dev": true
    }
  }
}
